
Microsoft Visual Studio Solution File, Format Version 12.00
# Visual Studio Version 17
VisualStudioVersion = 17.5.33530.505
MinimumVisualStudioVersion = 10.0.40219.1
Project("{FAE04EC0-301F-11D3-BF4B-00C04F79EFBC}") = "StockTracker", "StockTracker\StockTracker.csproj", "{80F97FCD-33BB-407C-96DB-8D031AAE4F43}"
EndProject
Global
	GlobalSection(SolutionConfigurationPlatforms) = preSolution
		Debug|Any CPU = Debug|Any CPU
		Release|Any CPU = Release|Any CPU
	EndGlobalSection
	GlobalSection(ProjectConfigurationPlatforms) = postSolution
		{80F97FCD-33BB-407C-96DB-8D031AAE4F43}.Debug|Any CPU.ActiveCfg = Debug|Any CPU
		{80F97FCD-33BB-407C-96DB-8D031AAE4F43}.Debug|Any CPU.Build.0 = Debug|Any CPU
		{80F97FCD-33BB-407C-96DB-8D031AAE4F43}.Release|Any CPU.ActiveCfg = Release|Any CPU
		{80F97FCD-33BB-407C-96DB-8D031AAE4F43}.Release|Any CPU.Build.0 = Release|Any CPU
	EndGlobalSection
	GlobalSection(SolutionProperties) = preSolution
		HideSolutionNode = FALSE
	EndGlobalSection
	GlobalSection(ExtensibilityGlobals) = postSolution
		SolutionGuid = {1102F0A9-2133-467C-BA32-9527DE5DFD23}
	EndGlobalSection
EndGlobal
